Microsoft Visual Studio Solution File, Format Version 12.00
# Visual Studio Version 17
VisualStudioVersion = 17.5.2.0
MinimumVisualStudioVersion = 10.0.40219.1
Project("{FAE04EC0-301F-11D3-BF4B-00C04F79EFBC}") = "xUnitStream.UnitTests", "xUnitStream.UnitTests\xUnitStream.UnitTests.csproj", "{A9ACDD29-9747-0784-FC28-E8CDF1D6E54B}"
EndProject
Project("{FAE04EC0-301F-11D3-BF4B-00C04F79EFBC}") = "xUnitStreamLib", "xUnitStreamLib\xUnitStreamLib.csproj", "{D0806040-1ADF-DB95-34EF-32103AD94E3B}"
EndProject
Global
	GlobalSection(SolutionConfigurationPlatforms) = preSolution
		Debug|Any CPU = Debug|Any CPU
		Release|Any CPU = Release|Any CPU
	EndGlobalSection
	GlobalSection(ProjectConfigurationPlatforms) = postSolution
		{A9ACDD29-9747-0784-FC28-E8CDF1D6E54B}.Debug|Any CPU.ActiveCfg = Debug|Any CPU
		{A9ACDD29-9747-0784-FC28-E8CDF1D6E54B}.Debug|Any CPU.Build.0 = Debug|Any CPU
		{A9ACDD29-9747-0784-FC28-E8CDF1D6E54B}.Release|Any CPU.ActiveCfg = Release|Any CPU
		{A9ACDD29-9747-0784-FC28-E8CDF1D6E54B}.Release|Any CPU.Build.0 = Release|Any CPU
		{D0806040-1ADF-DB95-34EF-32103AD94E3B}.Debug|Any CPU.ActiveCfg = Debug|Any CPU
		{D0806040-1ADF-DB95-34EF-32103AD94E3B}.Debug|Any CPU.Build.0 = Debug|Any CPU
		{D0806040-1ADF-DB95-34EF-32103AD94E3B}.Release|Any CPU.ActiveCfg = Release|Any CPU
		{D0806040-1ADF-DB95-34EF-32103AD94E3B}.Release|Any CPU.Build.0 = Release|Any CPU
	EndGlobalSection
	GlobalSection(SolutionProperties) = preSolution
		HideSolutionNode = FALSE
	EndGlobalSection
	GlobalSection(ExtensibilityGlobals) = postSolution
		SolutionGuid = {F1E96F41-C785-4E2A-AA46-AAF021BA1716}
	EndGlobalSection
EndGlobal
