Microsoft Visual Studio Solution File, Format Version 12.00
# Visual Studio Version 17
VisualStudioVersion = 17.5.2.0
MinimumVisualStudioVersion = 10.0.40219.1
Project("{FAE04EC0-301F-11D3-BF4B-00C04F79EFBC}") = "DotNet_CRUD_API", "DotNet_CRUD_API.csproj", "{F56BECC3-B03F-2045-E9AB-F4E8935AAEF3}"
EndProject
Global
	GlobalSection(SolutionConfigurationPlatforms) = preSolution
		Debug|Any CPU = Debug|Any CPU
		Release|Any CPU = Release|Any CPU
	EndGlobalSection
	GlobalSection(ProjectConfigurationPlatforms) = postSolution
		{F56BECC3-B03F-2045-E9AB-F4E8935AAEF3}.Debug|Any CPU.ActiveCfg = Debug|Any CPU
		{F56BECC3-B03F-2045-E9AB-F4E8935AAEF3}.Debug|Any CPU.Build.0 = Debug|Any CPU
		{F56BECC3-B03F-2045-E9AB-F4E8935AAEF3}.Release|Any CPU.ActiveCfg = Release|Any CPU
		{F56BECC3-B03F-2045-E9AB-F4E8935AAEF3}.Release|Any CPU.Build.0 = Release|Any CPU
	EndGlobalSection
	GlobalSection(SolutionProperties) = preSolution
		HideSolutionNode = FALSE
	EndGlobalSection
	GlobalSection(ExtensibilityGlobals) = postSolution
		SolutionGuid = {AD1EC556-EAEA-4012-8726-6DB0961288C0}
	EndGlobalSection
EndGlobal
