Microsoft Visual Studio Solution File, Format Version 12.00
# Visual Studio Version 17
VisualStudioVersion = 17.5.2.0
MinimumVisualStudioVersion = 10.0.40219.1
Project("{FAE04EC0-301F-11D3-BF4B-00C04F79EFBC}") = "SudokuSolver.UnitTests", "SudokuSolver.UnitTests.csproj", "{CAE17FE8-75E4-7AEB-879B-89F331F03E7A}"
EndProject
Global
	GlobalSection(SolutionConfigurationPlatforms) = preSolution
		Debug|Any CPU = Debug|Any CPU
		Release|Any CPU = Release|Any CPU
	EndGlobalSection
	GlobalSection(ProjectConfigurationPlatforms) = postSolution
		{CAE17FE8-75E4-7AEB-879B-89F331F03E7A}.Debug|Any CPU.ActiveCfg = Debug|Any CPU
		{CAE17FE8-75E4-7AEB-879B-89F331F03E7A}.Debug|Any CPU.Build.0 = Debug|Any CPU
		{CAE17FE8-75E4-7AEB-879B-89F331F03E7A}.Release|Any CPU.ActiveCfg = Release|Any CPU
		{CAE17FE8-75E4-7AEB-879B-89F331F03E7A}.Release|Any CPU.Build.0 = Release|Any CPU
	EndGlobalSection
	GlobalSection(SolutionProperties) = preSolution
		HideSolutionNode = FALSE
	EndGlobalSection
	GlobalSection(ExtensibilityGlobals) = postSolution
		SolutionGuid = {89064FB0-A344-42D6-9A18-C1165C3B7964}
	EndGlobalSection
EndGlobal
