Microsoft Visual Studio Solution File, Format Version 12.00
# Visual Studio Version 17
VisualStudioVersion = 17.5.2.0
MinimumVisualStudioVersion = 10.0.40219.1
Project("{FAE04EC0-301F-11D3-BF4B-00C04F79EFBC}") = "XkcdComicFinder", "XkcdComicFinder\XkcdComicFinder.csproj", "{2B4AEBC7-4758-702E-6FDC-8EB9CC0B9422}"
EndProject
Project("{FAE04EC0-301F-11D3-BF4B-00C04F79EFBC}") = "XkcdComicFinder.Tests", "XkcdComicFinder.Tests\XkcdComicFinder.Tests.csproj", "{B6A7E32F-C550-EF42-973A-C75FA0FD6C92}"
EndProject
Global
	GlobalSection(SolutionConfigurationPlatforms) = preSolution
		Debug|Any CPU = Debug|Any CPU
		Release|Any CPU = Release|Any CPU
	EndGlobalSection
	GlobalSection(ProjectConfigurationPlatforms) = postSolution
		{2B4AEBC7-4758-702E-6FDC-8EB9CC0B9422}.Debug|Any CPU.ActiveCfg = Debug|Any CPU
		{2B4AEBC7-4758-702E-6FDC-8EB9CC0B9422}.Debug|Any CPU.Build.0 = Debug|Any CPU
		{2B4AEBC7-4758-702E-6FDC-8EB9CC0B9422}.Release|Any CPU.ActiveCfg = Release|Any CPU
		{2B4AEBC7-4758-702E-6FDC-8EB9CC0B9422}.Release|Any CPU.Build.0 = Release|Any CPU
		{B6A7E32F-C550-EF42-973A-C75FA0FD6C92}.Debug|Any CPU.ActiveCfg = Debug|Any CPU
		{B6A7E32F-C550-EF42-973A-C75FA0FD6C92}.Debug|Any CPU.Build.0 = Debug|Any CPU
		{B6A7E32F-C550-EF42-973A-C75FA0FD6C92}.Release|Any CPU.ActiveCfg = Release|Any CPU
		{B6A7E32F-C550-EF42-973A-C75FA0FD6C92}.Release|Any CPU.Build.0 = Release|Any CPU
	EndGlobalSection
	GlobalSection(SolutionProperties) = preSolution
		HideSolutionNode = FALSE
	EndGlobalSection
	GlobalSection(ExtensibilityGlobals) = postSolution
		SolutionGuid = {1E90475C-C5E6-40CB-A894-569FE252C96F}
	EndGlobalSection
EndGlobal
